
Microsoft Visual Studio Solution File, Format Version 12.00
# Visual Studio 15
VisualStudioVersion = 15.0.28307.757
MinimumVisualStudioVersion = 10.0.40219.1
Project("{FAE04EC0-301F-11D3-BF4B-00C04F79EFBC}") = "ElementModifier", "ElementModifier\ElementModifier.csproj", "{D9FD392E-C73C-408C-A187-5FB14A2BA727}"
EndProject
Global
	GlobalSection(SolutionConfigurationPlatforms) = preSolution
		Debug|Any CPU = Debug|Any CPU
		Release|Any CPU = Release|Any CPU
	EndGlobalSection
	GlobalSection(ProjectConfigurationPlatforms) = postSolution
		{D9FD392E-C73C-408C-A187-5FB14A2BA727}.Debug|Any CPU.ActiveCfg = Debug|Any CPU
		{D9FD392E-C73C-408C-A187-5FB14A2BA727}.Debug|Any CPU.Build.0 = Debug|Any CPU
		{D9FD392E-C73C-408C-A187-5FB14A2BA727}.Release|Any CPU.ActiveCfg = Release|Any CPU
		{D9FD392E-C73C-408C-A187-5FB14A2BA727}.Release|Any CPU.Build.0 = Release|Any CPU
	EndGlobalSection
	GlobalSection(SolutionProperties) = preSolution
		HideSolutionNode = FALSE
	EndGlobalSection
	GlobalSection(ExtensibilityGlobals) = postSolution
		SolutionGuid = {0E11B543-B6F7-469E-9B94-DA331A50A1B6}
	EndGlobalSection
EndGlobal
